# THIS IS AN AUTOGENERATED FILE. DO NOT EDIT THIS FILE DIRECTLY.
# yarn lockfile v1


"@types/module-alias@^2.0.4":
  version "2.0.4"
  resolved "https://registry.yarnpkg.com/@types/module-alias/-/module-alias-2.0.4.tgz#c6a784be6bc2ff5424889e23084ac001454d5f00"
  integrity sha512-5+G/QXO/DvHZw60FjvbDzO4JmlD/nG5m2/vVGt25VN1eeP3w2bCoks1Wa7VuptMPM1TxJdx6RjO70N9Fw0nZPA==

"@types/node@^22.10.2":
  version "22.10.2"
  resolved "https://registry.yarnpkg.com/@types/node/-/node-22.10.2.tgz#a485426e6d1fdafc7b0d4c7b24e2c78182ddabb9"
  integrity sha512-Xxr6BBRCAOQixvonOye19wnzyDiUtTeqldOOmj3CkeblonbccA12PFwlufvRdrpjXxqnmUaeiU5EOA+7s5diUQ==
  dependencies:
    undici-types "~6.20.0"

module-alias@^2.2.3:
  version "2.2.3"
  resolved "https://registry.yarnpkg.com/module-alias/-/module-alias-2.2.3.tgz#ec2e85c68973bda6ab71ce7c93b763ec96053221"
  integrity sha512-23g5BFj4zdQL/b6tor7Ji+QY4pEfNH784BMslY9Qb0UnJWRAt+lQGLYmRaM0KDBwIG23ffEBELhZDP2rhi9f/Q==

typescript@^5.7.2:
  version "5.7.2"
  resolved "https://registry.yarnpkg.com/typescript/-/typescript-5.7.2.tgz#3169cf8c4c8a828cde53ba9ecb3d2b1d5dd67be6"
  integrity sha512-i5t66RHxDvVN40HfDd1PsEThGNnlMCMT3jMUuoh9/0TaqWevNontacunWyN02LA9/fIbEWlcHZcgTKb9QoaLfg==

undici-types@~6.20.0:
  version "6.20.0"
  resolved "https://registry.yarnpkg.com/undici-types/-/undici-types-6.20.0.tgz#8171bf22c1f588d1554d55bf204bc624af388433"
  integrity sha512-Ny6QZ2Nju20vw1SRHe3d9jVu6gJ+4e3+MMpqu7pqE5HT6WsTSlce++GQmK5UXS8mzV8DSYHrQH+Xrf2jVcuKNg==
